// !$*UTF8*$!
{
	archiveVersion = 1;
	classes = {
	};
	objectVersion = 46;
	objects = {

/* Begin PBXBuildFile section */
		F54977EC1FAD355C0047B538 /* CoreDataManager.swift in Sources */ = {isa = PBXBuildFile; fileRef = F54977EB1FAD355C0047B538 /* CoreDataManager.swift */; };
		F54977EE1FAFC80E0047B538 /* PersonalDetailViewController.swift in Sources */ = {isa = PBXBuildFile; fileRef = F54977ED1FAFC80E0047B538 /* PersonalDetailViewController.swift */; };
		F54977F01FAFDDA30047B538 /* MyPickerView.swift in Sources */ = {isa = PBXBuildFile; fileRef = F54977EF1FAFDDA30047B538 /* MyPickerView.swift */; };
		F54977F41FB133740047B538 /* ListCellModel.swift in Sources */ = {isa = PBXBuildFile; fileRef = F54977F31FB133740047B538 /* ListCellModel.swift */; };
		F54977F61FB137050047B538 /* PersonalListOverviewViewController.swift in Sources */ = {isa = PBXBuildFile; fileRef = F54977F51FB137050047B538 /* PersonalListOverviewViewController.swift */; };
		F5AD60421FA709B800402480 /* AppDelegate.swift in Sources */ = {isa = PBXBuildFile; fileRef = F5AD60411FA709B800402480 /* AppDelegate.swift */; };
		F5AD60441FA709B800402480 /* PersonalListsViewController.swift in Sources */ = {isa = PBXBuildFile; fileRef = F5AD60431FA709B800402480 /* PersonalListsViewController.swift */; };
		F5AD60461FA709B800402480 /* SharedListsViewController.swift in Sources */ = {isa = PBXBuildFile; fileRef = F5AD60451FA709B800402480 /* SharedListsViewController.swift */; };
		F5AD60491FA709B800402480 /* Main.storyboard in Resources */ = {isa = PBXBuildFile; fileRef = F5AD60471FA709B800402480 /* Main.storyboard */; };
		F5AD604B1FA709B800402480 /* Assets.xcassets in Resources */ = {isa = PBXBuildFile; fileRef = F5AD604A1FA709B800402480 /* Assets.xcassets */; };
		F5AD604E1FA709B800402480 /* LaunchScreen.storyboard in Resources */ = {isa = PBXBuildFile; fileRef = F5AD604C1FA709B800402480 /* LaunchScreen.storyboard */; };
		F5AD60561FA70CD400402480 /* CellModel.swift in Sources */ = {isa = PBXBuildFile; fileRef = F5AD60551FA70CD400402480 /* CellModel.swift */; };
		F5AD60581FA744EC00402480 /* UserHeaderTableViewCell.swift in Sources */ = {isa = PBXBuildFile; fileRef = F5AD60571FA744EC00402480 /* UserHeaderTableViewCell.swift */; };
		F5AD605B1FA75C8200402480 /* CoreData.framework in Frameworks */ = {isa = PBXBuildFile; fileRef = F5AD605A1FA75C8200402480 /* CoreData.framework */; };
		F5AD60611FA7884400402480 /* dataModel.xcdatamodeld in Sources */ = {isa = PBXBuildFile; fileRef = F5AD605C1FA75CC700402480 /* dataModel.xcdatamodeld */; };
/* End PBXBuildFile section */

/* Begin PBXFileReference section */
		F54977EB1FAD355C0047B538 /* CoreDataManager.swift */ = {isa = PBXFileReference; fileEncoding = 4; lastKnownFileType = sourcecode.swift; path = CoreDataManager.swift; sourceTree = "<group>"; };
		F54977ED1FAFC80E0047B538 /* PersonalDetailViewController.swift */ = {isa = PBXFileReference; fileEncoding = 4; lastKnownFileType = sourcecode.swift; path = PersonalDetailViewController.swift; sourceTree = "<group>"; };
		F54977EF1FAFDDA30047B538 /* MyPickerView.swift */ = {isa = PBXFileReference; fileEncoding = 4; lastKnownFileType = sourcecode.swift; path = MyPickerView.swift; sourceTree = "<group>"; };
		F54977F31FB133740047B538 /* ListCellModel.swift */ = {isa = PBXFileReference; fileEncoding = 4; lastKnownFileType = sourcecode.swift; path = ListCellModel.swift; sourceTree = "<group>"; };
		F54977F51FB137050047B538 /* PersonalListOverviewViewController.swift */ = {isa = PBXFileReference; fileEncoding = 4; lastKnownFileType = sourcecode.swift; path = PersonalListOverviewViewController.swift; sourceTree = "<group>"; };
		F5AD603E1FA709B800402480 /* SharedList.app */ = {isa = PBXFileReference; explicitFileType = wrapper.application; includeInIndex = 0; path = SharedList.app; sourceTree = BUILT_PRODUCTS_DIR; };
		F5AD60411FA709B800402480 /* AppDelegate.swift */ = {isa = PBXFileReference; lastKnownFileType = sourcecode.swift; path = AppDelegate.swift; sourceTree = "<group>"; };
		F5AD60431FA709B800402480 /* PersonalListsViewController.swift */ = {isa = PBXFileReference; lastKnownFileType = sourcecode.swift; path = PersonalListsViewController.swift; sourceTree = "<group>"; };
		F5AD60451FA709B800402480 /* SharedListsViewController.swift */ = {isa = PBXFileReference; lastKnownFileType = sourcecode.swift; path = SharedListsViewController.swift; sourceTree = "<group>"; };
		F5AD60481FA709B800402480 /* Base */ = {isa = PBXFileReference; lastKnownFileType = file.storyboard; name = Base; path = Base.lproj/Main.storyboard; sourceTree = "<group>"; };
		F5AD604A1FA709B800402480 /* Assets.xcassets */ = {isa = PBXFileReference; lastKnownFileType = folder.assetcatalog; path = Assets.xcassets; sourceTree = "<group>"; };
		F5AD604D1FA709B800402480 /* Base */ = {isa = PBXFileReference; lastKnownFileType = file.storyboard; name = Base; path = Base.lproj/LaunchScreen.storyboard; sourceTree = "<group>"; };
		F5AD604F1FA709B800402480 /* Info.plist */ = {isa = PBXFileReference; lastKnownFileType = text.plist.xml; path = Info.plist; sourceTree = "<group>"; };
		F5AD60551FA70CD400402480 /* CellModel.swift */ = {isa = PBXFileReference; fileEncoding = 4; lastKnownFileType = sourcecode.swift; path = CellModel.swift; sourceTree = "<group>"; };
		F5AD60571FA744EC00402480 /* UserHeaderTableViewCell.swift */ = {isa = PBXFileReference; fileEncoding = 4; lastKnownFileType = sourcecode.swift; path = UserHeaderTableViewCell.swift; sourceTree = "<group>"; };
		F5AD605A1FA75C8200402480 /* CoreData.framework */ = {isa = PBXFileReference; lastKnownFileType = wrapper.framework; name = CoreData.framework; path = System/Library/Frameworks/CoreData.framework; sourceTree = SDKROOT; };
		F5AD605D1FA75CC700402480 /* dataModel.xcdatamodel */ = {isa = PBXFileReference; lastKnownFileType = wrapper.xcdatamodel; path = dataModel.xcdatamodel; sourceTree = "<group>"; };
/* End PBXFileReference section */

/* Begin PBXFrameworksBuildPhase section */
		F5AD603B1FA709B800402480 /* Frameworks */ = {
			isa = PBXFrameworksBuildPhase;
			buildActionMask = 2147483647;
			files = (
				F5AD605B1FA75C8200402480 /* CoreData.framework in Frameworks */,
			);
			runOnlyForDeploymentPostprocessing = 0;
		};
/* End PBXFrameworksBuildPhase section */

/* Begin PBXGroup section */
		F5AD60351FA709B800402480 = {
			isa = PBXGroup;
			children = (
				F5AD605C1FA75CC700402480 /* dataModel.xcdatamodeld */,
				F5AD60401FA709B800402480 /* SharedList */,
				F5AD603F1FA709B800402480 /* Products */,
				F5AD60591FA75C8100402480 /* Frameworks */,
			);
			sourceTree = "<group>";
		};
		F5AD603F1FA709B800402480 /* Products */ = {
			isa = PBXGroup;
			children = (
				F5AD603E1FA709B800402480 /* SharedList.app */,
			);
			name = Products;
			sourceTree = "<group>";
		};
		F5AD60401FA709B800402480 /* SharedList */ = {
			isa = PBXGroup;
			children = (
				F5AD60411FA709B800402480 /* AppDelegate.swift */,
				F54977EB1FAD355C0047B538 /* CoreDataManager.swift */,
				F54977F51FB137050047B538 /* PersonalListOverviewViewController.swift */,
				F5AD60431FA709B800402480 /* PersonalListsViewController.swift */,
				F54977ED1FAFC80E0047B538 /* PersonalDetailViewController.swift */,
				F5AD60451FA709B800402480 /* SharedListsViewController.swift */,
				F5AD60471FA709B800402480 /* Main.storyboard */,
				F5AD604A1FA709B800402480 /* Assets.xcassets */,
				F5AD604C1FA709B800402480 /* LaunchScreen.storyboard */,
				F5AD604F1FA709B800402480 /* Info.plist */,
				F54977F31FB133740047B538 /* ListCellModel.swift */,
				F5AD60551FA70CD400402480 /* CellModel.swift */,
				F5AD60571FA744EC00402480 /* UserHeaderTableViewCell.swift */,
				F54977EF1FAFDDA30047B538 /* MyPickerView.swift */,
			);
			path = SharedList;
			sourceTree = "<group>";
		};
		F5AD60591FA75C8100402480 /* Frameworks */ = {
			isa = PBXGroup;
			children = (
				F5AD605A1FA75C8200402480 /* CoreData.framework */,
			);
			name = Frameworks;
			sourceTree = "<group>";
		};
/* End PBXGroup section */

/* Begin PBXNativeTarget section */
		F5AD603D1FA709B800402480 /* SharedList */ = {
			isa = PBXNativeTarget;
			buildConfigurationList = F5AD60521FA709B800402480 /* Build configuration list for PBXNativeTarget "SharedList" */;
			buildPhases = (
				F5AD603A1FA709B800402480 /* Sources */,
				F5AD603B1FA709B800402480 /* Frameworks */,
				F5AD603C1FA709B800402480 /* Resources */,
			);
			buildRules = (
			);
			dependencies = (
			);
			name = SharedList;
			productName = SharedList;
			productReference = F5AD603E1FA709B800402480 /* SharedList.app */;
			productType = "com.apple.product-type.application";
		};
/* End PBXNativeTarget section */

/* Begin PBXProject section */
		F5AD60361FA709B800402480 /* Project object */ = {
			isa = PBXProject;
			attributes = {
				LastSwiftUpdateCheck = 0830;
				LastUpgradeCheck = 0830;
				ORGANIZATIONNAME = PWS;
				TargetAttributes = {
					F5AD603D1FA709B800402480 = {
						CreatedOnToolsVersion = 8.3.2;
						DevelopmentTeam = HUS279SULR;
						ProvisioningStyle = Automatic;
					};
				};
			};
			buildConfigurationList = F5AD60391FA709B800402480 /* Build configuration list for PBXProject "SharedList" */;
			compatibilityVersion = "Xcode 3.2";
			developmentRegion = English;
			hasScannedForEncodings = 0;
			knownRegions = (
				en,
				Base,
			);
			mainGroup = F5AD60351FA709B800402480;
			productRefGroup = F5AD603F1FA709B800402480 /* Products */;
			projectDirPath = "";
			projectRoot = "";
			targets = (
				F5AD603D1FA709B800402480 /* SharedList */,
			);
		};
/* End PBXProject section */

/* Begin PBXResourcesBuildPhase section */
		F5AD603C1FA709B800402480 /* Resources */ = {
			isa = PBXResourcesBuildPhase;
			buildActionMask = 2147483647;
			files = (
				F5AD604E1FA709B800402480 /* LaunchScreen.storyboard in Resources */,
				F5AD604B1FA709B800402480 /* Assets.xcassets in Resources */,
				F5AD60491FA709B800402480 /* Main.storyboard in Resources */,
			);
			runOnlyForDeploymentPostprocessing = 0;
		};
/* End PBXResourcesBuildPhase section */

/* Begin PBXSourcesBuildPhase section */
		F5AD603A1FA709B800402480 /* Sources */ = {
			isa = PBXSourcesBuildPhase;
			buildActionMask = 2147483647;
			files = (
				F5AD60461FA709B800402480 /* SharedListsViewController.swift in Sources */,
				F54977F41FB133740047B538 /* ListCellModel.swift in Sources */,
				F5AD60611FA7884400402480 /* dataModel.xcdatamodeld in Sources */,
				F5AD60421FA709B800402480 /* AppDelegate.swift in Sources */,
				F5AD60581FA744EC00402480 /* UserHeaderTableViewCell.swift in Sources */,
				F54977F01FAFDDA30047B538 /* MyPickerView.swift in Sources */,
				F5AD60441FA709B800402480 /* PersonalListsViewController.swift in Sources */,
				F54977F61FB137050047B538 /* PersonalListOverviewViewController.swift in Sources */,
				F54977EC1FAD355C0047B538 /* CoreDataManager.swift in Sources */,
				F5AD60561FA70CD400402480 /* CellModel.swift in Sources */,
				F54977EE1FAFC80E0047B538 /* PersonalDetailViewController.swift in Sources */,
			);
			runOnlyForDeploymentPostprocessing = 0;
		};
/* End PBXSourcesBuildPhase section */

/* Begin PBXVariantGroup section */
		F5AD60471FA709B800402480 /* Main.storyboard */ = {
			isa = PBXVariantGroup;
			children = (
				F5AD60481FA709B800402480 /* Base */,
			);
			name = Main.storyboard;
			sourceTree = "<group>";
		};
		F5AD604C1FA709B800402480 /* LaunchScreen.storyboard */ = {
			isa = PBXVariantGroup;
			children = (
				F5AD604D1FA709B800402480 /* Base */,
			);
			name = LaunchScreen.storyboard;
			sourceTree = "<group>";
		};
/* End PBXVariantGroup section */

/* Begin XCBuildConfiguration section */
		F5AD60501FA709B800402480 /* Debug */ = {
			isa = XCBuildConfiguration;
			buildSettings = {
				ALWAYS_SEARCH_USER_PATHS = NO;
				CLANG_ANALYZER_NONNULL = YES;
				CLANG_ANALYZER_NUMBER_OBJECT_CONVERSION = YES_AGGRESSIVE;
				CLANG_CXX_LANGUAGE_STANDARD = "gnu++0x";
				CLANG_CXX_LIBRARY = "libc++";
				CLANG_ENABLE_MODULES = YES;
				CLANG_ENABLE_OBJC_ARC = YES;
				CLANG_WARN_BOOL_CONVERSION = YES;
				CLANG_WARN_CONSTANT_CONVERSION = YES;
				CLANG_WARN_DIRECT_OBJC_ISA_USAGE = YES_ERROR;
				CLANG_WARN_DOCUMENTATION_COMMENTS = YES;
				CLANG_WARN_EMPTY_BODY = YES;
				CLANG_WARN_ENUM_CONVERSION = YES;
				CLANG_WARN_INFINITE_RECURSION = YES;
				CLANG_WARN_INT_CONVERSION = YES;
				CLANG_WARN_OBJC_ROOT_CLASS = YES_ERROR;
				CLANG_WARN_SUSPICIOUS_MOVE = YES;
				CLANG_WARN_UNREACHABLE_CODE = YES;
				CLANG_WARN__DUPLICATE_METHOD_MATCH = YES;
				"CODE_SIGN_IDENTITY[sdk=iphoneos*]" = "iPhone Developer";
				COPY_PHASE_STRIP = NO;
				DEBUG_INFORMATION_FORMAT = dwarf;
				ENABLE_STRICT_OBJC_MSGSEND = YES;
				ENABLE_TESTABILITY = YES;
				GCC_C_LANGUAGE_STANDARD = gnu99;
				GCC_DYNAMIC_NO_PIC = NO;
				GCC_NO_COMMON_BLOCKS = YES;
				GCC_OPTIMIZATION_LEVEL = 0;
				GCC_PREPROCESSOR_DEFINITIONS = (
					"DEBUG=1",
					"$(inherited)",
				);
				GCC_WARN_64_TO_32_BIT_CONVERSION = YES;
				GCC_WARN_ABOUT_RETURN_TYPE = YES_ERROR;
				GCC_WARN_UNDECLARED_SELECTOR = YES;
				GCC_WARN_UNINITIALIZED_AUTOS = YES_AGGRESSIVE;
				GCC_WARN_UNUSED_FUNCTION = YES;
				GCC_WARN_UNUSED_VARIABLE = YES;
				IPHONEOS_DEPLOYMENT_TARGET = 10.3;
				MTL_ENABLE_DEBUG_INFO = YES;
				ONLY_ACTIVE_ARCH = YES;
				SDKROOT = iphoneos;
				SWIFT_ACTIVE_COMPILATION_CONDITIONS = DEBUG;
				SWIFT_OPTIMIZATION_LEVEL = "-Onone";
				TARGETED_DEVICE_FAMILY = "1,2";
			};
			name = Debug;
		};
		F5AD60511FA709B800402480 /* Release */ = {
			isa = XCBuildConfiguration;
			buildSettings = {
				ALWAYS_SEARCH_USER_PATHS = NO;
				CLANG_ANALYZER_NONNULL = YES;
				CLANG_ANALYZER_NUMBER_OBJECT_CONVERSION = YES_AGGRESSIVE;
				CLANG_CXX_LANGUAGE_STANDARD = "gnu++0x";
				CLANG_CXX_LIBRARY = "libc++";
				CLANG_ENABLE_MODULES = YES;
				CLANG_ENABLE_OBJC_ARC = YES;
				CLANG_WARN_BOOL_CONVERSION = YES;
				CLANG_WARN_CONSTANT_CONVERSION = YES;
				CLANG_WARN_DIRECT_OBJC_ISA_USAGE = YES_ERROR;
				CLANG_WARN_DOCUMENTATION_COMMENTS = YES;
				CLANG_WARN_EMPTY_BODY = YES;
				CLANG_WARN_ENUM_CONVERSION = YES;
				CLANG_WARN_INFINITE_RECURSION = YES;
				CLANG_WARN_INT_CONVERSION = YES;
				CLANG_WARN_OBJC_ROOT_CLASS = YES_ERROR;
				CLANG_WARN_SUSPICIOUS_MOVE = YES;
				CLANG_WARN_UNREACHABLE_CODE = YES;
				CLANG_WARN__DUPLICATE_METHOD_MATCH = YES;
				"CODE_SIGN_IDENTITY[sdk=iphoneos*]" = "iPhone Developer";
				COPY_PHASE_STRIP = NO;
				DEBUG_INFORMATION_FORMAT = "dwarf-with-dsym";
				ENABLE_NS_ASSERTIONS = NO;
				ENABLE_STRICT_OBJC_MSGSEND = YES;
				GCC_C_LANGUAGE_STANDARD = gnu99;
				GCC_NO_COMMON_BLOCKS = YES;
				GCC_WARN_64_TO_32_BIT_CONVERSION = YES;
				GCC_WARN_ABOUT_RETURN_TYPE = YES_ERROR;
				GCC_WARN_UNDECLARED_SELECTOR = YES;
				GCC_WARN_UNINITIALIZED_AUTOS = YES_AGGRESSIVE;
				GCC_WARN_UNUSED_FUNCTION = YES;
				GCC_WARN_UNUSED_VARIABLE = YES;
				IPHONEOS_DEPLOYMENT_TARGET = 10.3;
				MTL_ENABLE_DEBUG_INFO = NO;
				SDKROOT = iphoneos;
				SWIFT_OPTIMIZATION_LEVEL = "-Owholemodule";
				TARGETED_DEVICE_FAMILY = "1,2";
				VALIDATE_PRODUCT = YES;
			};
			name = Release;
		};
		F5AD60531FA709B800402480 /* Debug */ = {
			isa = XCBuildConfiguration;
			buildSettings = {
				ASSETCATALOG_COMPILER_APPICON_NAME = AppIcon;
				DEVELOPMENT_TEAM = HUS279SULR;
				INFOPLIST_FILE = SharedList/Info.plist;
				LD_RUNPATH_SEARCH_PATHS = "$(inherited) @executable_path/Frameworks";
				PRODUCT_BUNDLE_IDENTIFIER = "com.PWS-apps.SharedList";
				PRODUCT_NAME = "$(TARGET_NAME)";
				SWIFT_VERSION = 3.0;
			};
			name = Debug;
		};
		F5AD60541FA709B800402480 /* Release */ = {
			isa = XCBuildConfiguration;
			buildSettings = {
				ASSETCATALOG_COMPILER_APPICON_NAME = AppIcon;
				DEVELOPMENT_TEAM = HUS279SULR;
				INFOPLIST_FILE = SharedList/Info.plist;
				LD_RUNPATH_SEARCH_PATHS = "$(inherited) @executable_path/Frameworks";
				PRODUCT_BUNDLE_IDENTIFIER = "com.PWS-apps.SharedList";
				PRODUCT_NAME = "$(TARGET_NAME)";
				SWIFT_VERSION = 3.0;
			};
			name = Release;
		};
/* End XCBuildConfiguration section */

/* Begin XCConfigurationList section */
		F5AD60391FA709B800402480 /* Build configuration list for PBXProject "SharedList" */ = {
			isa = XCConfigurationList;
			buildConfigurations = (
				F5AD60501FA709B800402480 /* Debug */,
				F5AD60511FA709B800402480 /* Release */,
			);
			defaultConfigurationIsVisible = 0;
			defaultConfigurationName = Release;
		};
		F5AD60521FA709B800402480 /* Build configuration list for PBXNativeTarget "SharedList" */ = {
			isa = XCConfigurationList;
			buildConfigurations = (
				F5AD60531FA709B800402480 /* Debug */,
				F5AD60541FA709B800402480 /* Release */,
			);
			defaultConfigurationIsVisible = 0;
			defaultConfigurationName = Release;
		};
/* End XCConfigurationList section */

/* Begin XCVersionGroup section */
		F5AD605C1FA75CC700402480 /* dataModel.xcdatamodeld */ = {
			isa = XCVersionGroup;
			children = (
				F5AD605D1FA75CC700402480 /* dataModel.xcdatamodel */,
			);
			currentVersion = F5AD605D1FA75CC700402480 /* dataModel.xcdatamodel */;
			name = dataModel.xcdatamodeld;
			path = SharedList/dataModel.xcdatamodeld;
			sourceTree = "<group>";
			versionGroupType = wrapper.xcdatamodel;
		};
/* End XCVersionGroup section */
	};
	rootObject = F5AD60361FA709B800402480 /* Project object */;
}
